
Microsoft Visual Studio Solution File, Format Version 12.00
# Visual Studio 15
VisualStudioVersion = 15.0.28307.329
MinimumVisualStudioVersion = 10.0.40219.1
Project("{FAE04EC0-301F-11D3-BF4B-00C04F79EFBC}") = "AlbumAdmin", "MusicStore\AlbumAdmin.csproj", "{983233E8-C3E8-49A2-AF2F-A470110570B7}"
EndProject
Project("{FAE04EC0-301F-11D3-BF4B-00C04F79EFBC}") = "MusicStore.Data", "MusicStore.Data\MusicStore.Data.csproj", "{967E07B3-5D9A-42ED-A93B-BF21948AA23E}"
EndProject
Project("{FAE04EC0-301F-11D3-BF4B-00C04F79EFBC}") = "MusicStore.Business", "MusicStore.Business\MusicStore.Business.csproj", "{0C63AEDC-FD87-4D15-9FC5-0FDAEC101AC2}"
EndProject
Global
	GlobalSection(SolutionConfigurationPlatforms) = preSolution
		Debug|Any CPU = Debug|Any CPU
		Debug|ARM = Debug|ARM
		Debug|ARM64 = Debug|ARM64
		Debug|x64 = Debug|x64
		Debug|x86 = Debug|x86
		Release|Any CPU = Release|Any CPU
		Release|ARM = Release|ARM
		Release|ARM64 = Release|ARM64
		Release|x64 = Release|x64
		Release|x86 = Release|x86
	EndGlobalSection
	GlobalSection(ProjectConfigurationPlatforms) = postSolution
		{983233E8-C3E8-49A2-AF2F-A470110570B7}.Debug|Any CPU.ActiveCfg = Debug|Any CPU
		{983233E8-C3E8-49A2-AF2F-A470110570B7}.Debug|Any CPU.Build.0 = Debug|Any CPU
		{983233E8-C3E8-49A2-AF2F-A470110570B7}.Debug|ARM.ActiveCfg = Debug|Any CPU
		{983233E8-C3E8-49A2-AF2F-A470110570B7}.Debug|ARM.Build.0 = Debug|Any CPU
		{983233E8-C3E8-49A2-AF2F-A470110570B7}.Debug|ARM64.ActiveCfg = Debug|Any CPU
		{983233E8-C3E8-49A2-AF2F-A470110570B7}.Debug|ARM64.Build.0 = Debug|Any CPU
		{983233E8-C3E8-49A2-AF2F-A470110570B7}.Debug|x64.ActiveCfg = Debug|Any CPU
		{983233E8-C3E8-49A2-AF2F-A470110570B7}.Debug|x64.Build.0 = Debug|Any CPU
		{983233E8-C3E8-49A2-AF2F-A470110570B7}.Debug|x86.ActiveCfg = Debug|Any CPU
		{983233E8-C3E8-49A2-AF2F-A470110570B7}.Debug|x86.Build.0 = Debug|Any CPU
		{983233E8-C3E8-49A2-AF2F-A470110570B7}.Release|Any CPU.ActiveCfg = Release|Any CPU
		{983233E8-C3E8-49A2-AF2F-A470110570B7}.Release|Any CPU.Build.0 = Release|Any CPU
		{983233E8-C3E8-49A2-AF2F-A470110570B7}.Release|ARM.ActiveCfg = Release|Any CPU
		{983233E8-C3E8-49A2-AF2F-A470110570B7}.Release|ARM.Build.0 = Release|Any CPU
		{983233E8-C3E8-49A2-AF2F-A470110570B7}.Release|ARM64.ActiveCfg = Release|Any CPU
		{983233E8-C3E8-49A2-AF2F-A470110570B7}.Release|ARM64.Build.0 = Release|Any CPU
		{983233E8-C3E8-49A2-AF2F-A470110570B7}.Release|x64.ActiveCfg = Release|Any CPU
		{983233E8-C3E8-49A2-AF2F-A470110570B7}.Release|x64.Build.0 = Release|Any CPU
		{983233E8-C3E8-49A2-AF2F-A470110570B7}.Release|x86.ActiveCfg = Release|Any CPU
		{983233E8-C3E8-49A2-AF2F-A470110570B7}.Release|x86.Build.0 = Release|Any CPU
		{967E07B3-5D9A-42ED-A93B-BF21948AA23E}.Debug|Any CPU.ActiveCfg = Debug|Any CPU
		{967E07B3-5D9A-42ED-A93B-BF21948AA23E}.Debug|Any CPU.Build.0 = Debug|Any CPU
		{967E07B3-5D9A-42ED-A93B-BF21948AA23E}.Debug|ARM.ActiveCfg = Debug|Any CPU
		{967E07B3-5D9A-42ED-A93B-BF21948AA23E}.Debug|ARM.Build.0 = Debug|Any CPU
		{967E07B3-5D9A-42ED-A93B-BF21948AA23E}.Debug|ARM64.ActiveCfg = Debug|Any CPU
		{967E07B3-5D9A-42ED-A93B-BF21948AA23E}.Debug|ARM64.Build.0 = Debug|Any CPU
		{967E07B3-5D9A-42ED-A93B-BF21948AA23E}.Debug|x64.ActiveCfg = Debug|Any CPU
		{967E07B3-5D9A-42ED-A93B-BF21948AA23E}.Debug|x64.Build.0 = Debug|Any CPU
		{967E07B3-5D9A-42ED-A93B-BF21948AA23E}.Debug|x86.ActiveCfg = Debug|Any CPU
		{967E07B3-5D9A-42ED-A93B-BF21948AA23E}.Debug|x86.Build.0 = Debug|Any CPU
		{967E07B3-5D9A-42ED-A93B-BF21948AA23E}.Release|Any CPU.ActiveCfg = Release|Any CPU
		{967E07B3-5D9A-42ED-A93B-BF21948AA23E}.Release|Any CPU.Build.0 = Release|Any CPU
		{967E07B3-5D9A-42ED-A93B-BF21948AA23E}.Release|ARM.ActiveCfg = Release|Any CPU
		{967E07B3-5D9A-42ED-A93B-BF21948AA23E}.Release|ARM.Build.0 = Release|Any CPU
		{967E07B3-5D9A-42ED-A93B-BF21948AA23E}.Release|ARM64.ActiveCfg = Release|Any CPU
		{967E07B3-5D9A-42ED-A93B-BF21948AA23E}.Release|ARM64.Build.0 = Release|Any CPU
		{967E07B3-5D9A-42ED-A93B-BF21948AA23E}.Release|x64.ActiveCfg = Release|Any CPU
		{967E07B3-5D9A-42ED-A93B-BF21948AA23E}.Release|x64.Build.0 = Release|Any CPU
		{967E07B3-5D9A-42ED-A93B-BF21948AA23E}.Release|x86.ActiveCfg = Release|Any CPU
		{967E07B3-5D9A-42ED-A93B-BF21948AA23E}.Release|x86.Build.0 = Release|Any CPU
		{0C63AEDC-FD87-4D15-9FC5-0FDAEC101AC2}.Debug|Any CPU.ActiveCfg = Debug|Any CPU
		{0C63AEDC-FD87-4D15-9FC5-0FDAEC101AC2}.Debug|Any CPU.Build.0 = Debug|Any CPU
		{0C63AEDC-FD87-4D15-9FC5-0FDAEC101AC2}.Debug|ARM.ActiveCfg = Debug|Any CPU
		{0C63AEDC-FD87-4D15-9FC5-0FDAEC101AC2}.Debug|ARM.Build.0 = Debug|Any CPU
		{0C63AEDC-FD87-4D15-9FC5-0FDAEC101AC2}.Debug|ARM64.ActiveCfg = Debug|Any CPU
		{0C63AEDC-FD87-4D15-9FC5-0FDAEC101AC2}.Debug|ARM64.Build.0 = Debug|Any CPU
		{0C63AEDC-FD87-4D15-9FC5-0FDAEC101AC2}.Debug|x64.ActiveCfg = Debug|Any CPU
		{0C63AEDC-FD87-4D15-9FC5-0FDAEC101AC2}.Debug|x64.Build.0 = Debug|Any CPU
		{0C63AEDC-FD87-4D15-9FC5-0FDAEC101AC2}.Debug|x86.ActiveCfg = Debug|Any CPU
		{0C63AEDC-FD87-4D15-9FC5-0FDAEC101AC2}.Debug|x86.Build.0 = Debug|Any CPU
		{0C63AEDC-FD87-4D15-9FC5-0FDAEC101AC2}.Release|Any CPU.ActiveCfg = Release|Any CPU
		{0C63AEDC-FD87-4D15-9FC5-0FDAEC101AC2}.Release|Any CPU.Build.0 = Release|Any CPU
		{0C63AEDC-FD87-4D15-9FC5-0FDAEC101AC2}.Release|ARM.ActiveCfg = Release|Any CPU
		{0C63AEDC-FD87-4D15-9FC5-0FDAEC101AC2}.Release|ARM.Build.0 = Release|Any CPU
		{0C63AEDC-FD87-4D15-9FC5-0FDAEC101AC2}.Release|ARM64.ActiveCfg = Release|Any CPU
		{0C63AEDC-FD87-4D15-9FC5-0FDAEC101AC2}.Release|ARM64.Build.0 = Release|Any CPU
		{0C63AEDC-FD87-4D15-9FC5-0FDAEC101AC2}.Release|x64.ActiveCfg = Release|Any CPU
		{0C63AEDC-FD87-4D15-9FC5-0FDAEC101AC2}.Release|x64.Build.0 = Release|Any CPU
		{0C63AEDC-FD87-4D15-9FC5-0FDAEC101AC2}.Release|x86.ActiveCfg = Release|Any CPU
		{0C63AEDC-FD87-4D15-9FC5-0FDAEC101AC2}.Release|x86.Build.0 = Release|Any CPU
	EndGlobalSection
	GlobalSection(SolutionProperties) = preSolution
		HideSolutionNode = FALSE
	EndGlobalSection
	GlobalSection(ExtensibilityGlobals) = postSolution
		SolutionGuid = {10A09747-F87D-495A-BA9F-122C13F79FCD}
	EndGlobalSection
EndGlobal
